
Microsoft Visual Studio Solution File, Format Version 12.00
# Visual Studio Version 16
VisualStudioVersion = 16.0.29519.87
MinimumVisualStudioVersion = 10.0.40219.1
Project("{9A19103F-16F7-4668-BE54-9A1E7A4F7556}") = "QuickFix", "QuickFIXn\QuickFix.csproj", "{44271A81-4AE0-4D43-BC41-D6179CDC7CE6}"
EndProject
Project("{2150E333-8FDC-42A3-9474-1A3956D46DE8}") = "Messages", "Messages", "{02E89D1C-771E-4409-ADA6-4B62BF6DF010}"
EndProject
Project("{9A19103F-16F7-4668-BE54-9A1E7A4F7556}") = "QuickFix.FIX42", "Messages\FIX42\QuickFix.FIX42.csproj", "{AA93E26D-653E-496B-A39D-3E726B165D0D}"
EndProject
Project("{9A19103F-16F7-4668-BE54-9A1E7A4F7556}") = "QuickFix.FIX43", "Messages\FIX43\QuickFix.FIX43.csproj", "{F1B9D65F-95B2-4CEE-A946-8FA0FD9F2A01}"
EndProject
Project("{9A19103F-16F7-4668-BE54-9A1E7A4F7556}") = "QuickFix.FIX44", "Messages\FIX44\QuickFix.FIX44.csproj", "{98BB2476-9F60-4162-B1BC-847FDABD5BC2}"
EndProject
Project("{9A19103F-16F7-4668-BE54-9A1E7A4F7556}") = "QuickFix.FIX50", "Messages\FIX50\QuickFix.FIX50.csproj", "{7F270457-DADF-4EC5-9486-17A9C0B92C87}"
EndProject
Project("{9A19103F-16F7-4668-BE54-9A1E7A4F7556}") = "QuickFix.FIX50SP1", "Messages\FIX50SP1\QuickFix.FIX50SP1.csproj", "{C0338E7E-D378-45A3-9496-7AB6FBB760AE}"
EndProject
Project("{9A19103F-16F7-4668-BE54-9A1E7A4F7556}") = "QuickFix.FIX50SP2", "Messages\FIX50SP2\QuickFix.FIX50SP2.csproj", "{07FA565B-8FAD-4D87-A405-3259632CC338}"
EndProject
Project("{2150E333-8FDC-42A3-9474-1A3956D46DE8}") = "QuickFixN", "QuickFixN", "{CF6E1C1D-0620-4335-805F-4AA6DB9287C8}"
EndProject
Project("{9A19103F-16F7-4668-BE54-9A1E7A4F7556}") = "ZDFixService", "ZDFixService\ZDFixService.csproj", "{EFDA2D36-9D09-4270-B000-A0DF7931225C}"
EndProject
Project("{FAE04EC0-301F-11D3-BF4B-00C04F79EFBC}") = "ZDFixClient", "ZDFixClient\ZDFixClient.csproj", "{099D6EB8-8694-4DD0-B467-5635A5F2C640}"
EndProject
Global
	GlobalSection(SolutionConfigurationPlatforms) = preSolution
		Debug|Any CPU = Debug|Any CPU
		Debug|x64 = Debug|x64
		Debug|x86 = Debug|x86
		Release|Any CPU = Release|Any CPU
		Release|x64 = Release|x64
		Release|x86 = Release|x86
	EndGlobalSection
	GlobalSection(ProjectConfigurationPlatforms) = postSolution
		{44271A81-4AE0-4D43-BC41-D6179CDC7CE6}.Debug|Any CPU.ActiveCfg = Debug|Any CPU
		{44271A81-4AE0-4D43-BC41-D6179CDC7CE6}.Debug|Any CPU.Build.0 = Debug|Any CPU
		{44271A81-4AE0-4D43-BC41-D6179CDC7CE6}.Debug|x64.ActiveCfg = Debug|x64
		{44271A81-4AE0-4D43-BC41-D6179CDC7CE6}.Debug|x64.Build.0 = Debug|x64
		{44271A81-4AE0-4D43-BC41-D6179CDC7CE6}.Debug|x86.ActiveCfg = Debug|Any CPU
		{44271A81-4AE0-4D43-BC41-D6179CDC7CE6}.Debug|x86.Build.0 = Debug|Any CPU
		{44271A81-4AE0-4D43-BC41-D6179CDC7CE6}.Release|Any CPU.ActiveCfg = Release|Any CPU
		{44271A81-4AE0-4D43-BC41-D6179CDC7CE6}.Release|Any CPU.Build.0 = Release|Any CPU
		{44271A81-4AE0-4D43-BC41-D6179CDC7CE6}.Release|x64.ActiveCfg = Release|x64
		{44271A81-4AE0-4D43-BC41-D6179CDC7CE6}.Release|x64.Build.0 = Release|x64
		{44271A81-4AE0-4D43-BC41-D6179CDC7CE6}.Release|x86.ActiveCfg = Release|Any CPU
		{44271A81-4AE0-4D43-BC41-D6179CDC7CE6}.Release|x86.Build.0 = Release|Any CPU
		{AA93E26D-653E-496B-A39D-3E726B165D0D}.Debug|Any CPU.ActiveCfg = Debug|Any CPU
		{AA93E26D-653E-496B-A39D-3E726B165D0D}.Debug|Any CPU.Build.0 = Debug|Any CPU
		{AA93E26D-653E-496B-A39D-3E726B165D0D}.Debug|x64.ActiveCfg = Debug|x64
		{AA93E26D-653E-496B-A39D-3E726B165D0D}.Debug|x64.Build.0 = Debug|x64
		{AA93E26D-653E-496B-A39D-3E726B165D0D}.Debug|x86.ActiveCfg = Debug|x86
		{AA93E26D-653E-496B-A39D-3E726B165D0D}.Debug|x86.Build.0 = Debug|x86
		{AA93E26D-653E-496B-A39D-3E726B165D0D}.Release|Any CPU.ActiveCfg = Release|Any CPU
		{AA93E26D-653E-496B-A39D-3E726B165D0D}.Release|Any CPU.Build.0 = Release|Any CPU
		{AA93E26D-653E-496B-A39D-3E726B165D0D}.Release|x64.ActiveCfg = Release|x64
		{AA93E26D-653E-496B-A39D-3E726B165D0D}.Release|x64.Build.0 = Release|x64
		{AA93E26D-653E-496B-A39D-3E726B165D0D}.Release|x86.ActiveCfg = Release|x86
		{AA93E26D-653E-496B-A39D-3E726B165D0D}.Release|x86.Build.0 = Release|x86
		{F1B9D65F-95B2-4CEE-A946-8FA0FD9F2A01}.Debug|Any CPU.ActiveCfg = Debug|Any CPU
		{F1B9D65F-95B2-4CEE-A946-8FA0FD9F2A01}.Debug|Any CPU.Build.0 = Debug|Any CPU
		{F1B9D65F-95B2-4CEE-A946-8FA0FD9F2A01}.Debug|x64.ActiveCfg = Debug|x64
		{F1B9D65F-95B2-4CEE-A946-8FA0FD9F2A01}.Debug|x64.Build.0 = Debug|x64
		{F1B9D65F-95B2-4CEE-A946-8FA0FD9F2A01}.Debug|x86.ActiveCfg = Debug|x86
		{F1B9D65F-95B2-4CEE-A946-8FA0FD9F2A01}.Debug|x86.Build.0 = Debug|x86
		{F1B9D65F-95B2-4CEE-A946-8FA0FD9F2A01}.Release|Any CPU.ActiveCfg = Release|Any CPU
		{F1B9D65F-95B2-4CEE-A946-8FA0FD9F2A01}.Release|Any CPU.Build.0 = Release|Any CPU
		{F1B9D65F-95B2-4CEE-A946-8FA0FD9F2A01}.Release|x64.ActiveCfg = Release|x64
		{F1B9D65F-95B2-4CEE-A946-8FA0FD9F2A01}.Release|x64.Build.0 = Release|x64
		{F1B9D65F-95B2-4CEE-A946-8FA0FD9F2A01}.Release|x86.ActiveCfg = Release|x86
		{F1B9D65F-95B2-4CEE-A946-8FA0FD9F2A01}.Release|x86.Build.0 = Release|x86
		{98BB2476-9F60-4162-B1BC-847FDABD5BC2}.Debug|Any CPU.ActiveCfg = Debug|Any CPU
		{98BB2476-9F60-4162-B1BC-847FDABD5BC2}.Debug|Any CPU.Build.0 = Debug|Any CPU
		{98BB2476-9F60-4162-B1BC-847FDABD5BC2}.Debug|x64.ActiveCfg = Debug|x64
		{98BB2476-9F60-4162-B1BC-847FDABD5BC2}.Debug|x64.Build.0 = Debug|x64
		{98BB2476-9F60-4162-B1BC-847FDABD5BC2}.Debug|x86.ActiveCfg = Debug|x86
		{98BB2476-9F60-4162-B1BC-847FDABD5BC2}.Debug|x86.Build.0 = Debug|x86
		{98BB2476-9F60-4162-B1BC-847FDABD5BC2}.Release|Any CPU.ActiveCfg = Release|Any CPU
		{98BB2476-9F60-4162-B1BC-847FDABD5BC2}.Release|Any CPU.Build.0 = Release|Any CPU
		{98BB2476-9F60-4162-B1BC-847FDABD5BC2}.Release|x64.ActiveCfg = Release|x64
		{98BB2476-9F60-4162-B1BC-847FDABD5BC2}.Release|x64.Build.0 = Release|x64
		{98BB2476-9F60-4162-B1BC-847FDABD5BC2}.Release|x86.ActiveCfg = Release|x86
		{98BB2476-9F60-4162-B1BC-847FDABD5BC2}.Release|x86.Build.0 = Release|x86
		{7F270457-DADF-4EC5-9486-17A9C0B92C87}.Debug|Any CPU.ActiveCfg = Debug|Any CPU
		{7F270457-DADF-4EC5-9486-17A9C0B92C87}.Debug|Any CPU.Build.0 = Debug|Any CPU
		{7F270457-DADF-4EC5-9486-17A9C0B92C87}.Debug|x64.ActiveCfg = Debug|x64
		{7F270457-DADF-4EC5-9486-17A9C0B92C87}.Debug|x64.Build.0 = Debug|x64
		{7F270457-DADF-4EC5-9486-17A9C0B92C87}.Debug|x86.ActiveCfg = Debug|x86
		{7F270457-DADF-4EC5-9486-17A9C0B92C87}.Debug|x86.Build.0 = Debug|x86
		{7F270457-DADF-4EC5-9486-17A9C0B92C87}.Release|Any CPU.ActiveCfg = Release|Any CPU
		{7F270457-DADF-4EC5-9486-17A9C0B92C87}.Release|Any CPU.Build.0 = Release|Any CPU
		{7F270457-DADF-4EC5-9486-17A9C0B92C87}.Release|x64.ActiveCfg = Release|x64
		{7F270457-DADF-4EC5-9486-17A9C0B92C87}.Release|x64.Build.0 = Release|x64
		{7F270457-DADF-4EC5-9486-17A9C0B92C87}.Release|x86.ActiveCfg = Release|x86
		{7F270457-DADF-4EC5-9486-17A9C0B92C87}.Release|x86.Build.0 = Release|x86
		{C0338E7E-D378-45A3-9496-7AB6FBB760AE}.Debug|Any CPU.ActiveCfg = Debug|Any CPU
		{C0338E7E-D378-45A3-9496-7AB6FBB760AE}.Debug|Any CPU.Build.0 = Debug|Any CPU
		{C0338E7E-D378-45A3-9496-7AB6FBB760AE}.Debug|x64.ActiveCfg = Debug|x64
		{C0338E7E-D378-45A3-9496-7AB6FBB760AE}.Debug|x64.Build.0 = Debug|x64
		{C0338E7E-D378-45A3-9496-7AB6FBB760AE}.Debug|x86.ActiveCfg = Debug|x86
		{C0338E7E-D378-45A3-9496-7AB6FBB760AE}.Debug|x86.Build.0 = Debug|x86
		{C0338E7E-D378-45A3-9496-7AB6FBB760AE}.Release|Any CPU.ActiveCfg = Release|Any CPU
		{C0338E7E-D378-45A3-9496-7AB6FBB760AE}.Release|Any CPU.Build.0 = Release|Any CPU
		{C0338E7E-D378-45A3-9496-7AB6FBB760AE}.Release|x64.ActiveCfg = Release|x64
		{C0338E7E-D378-45A3-9496-7AB6FBB760AE}.Release|x64.Build.0 = Release|x64
		{C0338E7E-D378-45A3-9496-7AB6FBB760AE}.Release|x86.ActiveCfg = Release|x86
		{C0338E7E-D378-45A3-9496-7AB6FBB760AE}.Release|x86.Build.0 = Release|x86
		{07FA565B-8FAD-4D87-A405-3259632CC338}.Debug|Any CPU.ActiveCfg = Debug|Any CPU
		{07FA565B-8FAD-4D87-A405-3259632CC338}.Debug|Any CPU.Build.0 = Debug|Any CPU
		{07FA565B-8FAD-4D87-A405-3259632CC338}.Debug|x64.ActiveCfg = Debug|x64
		{07FA565B-8FAD-4D87-A405-3259632CC338}.Debug|x64.Build.0 = Debug|x64
		{07FA565B-8FAD-4D87-A405-3259632CC338}.Debug|x86.ActiveCfg = Debug|x86
		{07FA565B-8FAD-4D87-A405-3259632CC338}.Debug|x86.Build.0 = Debug|x86
		{07FA565B-8FAD-4D87-A405-3259632CC338}.Release|Any CPU.ActiveCfg = Release|Any CPU
		{07FA565B-8FAD-4D87-A405-3259632CC338}.Release|Any CPU.Build.0 = Release|Any CPU
		{07FA565B-8FAD-4D87-A405-3259632CC338}.Release|x64.ActiveCfg = Release|x64
		{07FA565B-8FAD-4D87-A405-3259632CC338}.Release|x64.Build.0 = Release|x64
		{07FA565B-8FAD-4D87-A405-3259632CC338}.Release|x86.ActiveCfg = Release|x86
		{07FA565B-8FAD-4D87-A405-3259632CC338}.Release|x86.Build.0 = Release|x86
		{EFDA2D36-9D09-4270-B000-A0DF7931225C}.Debug|Any CPU.ActiveCfg = Debug|Any CPU
		{EFDA2D36-9D09-4270-B000-A0DF7931225C}.Debug|Any CPU.Build.0 = Debug|Any CPU
		{EFDA2D36-9D09-4270-B000-A0DF7931225C}.Debug|x64.ActiveCfg = Debug|Any CPU
		{EFDA2D36-9D09-4270-B000-A0DF7931225C}.Debug|x64.Build.0 = Debug|Any CPU
		{EFDA2D36-9D09-4270-B000-A0DF7931225C}.Debug|x86.ActiveCfg = Debug|Any CPU
		{EFDA2D36-9D09-4270-B000-A0DF7931225C}.Debug|x86.Build.0 = Debug|Any CPU
		{EFDA2D36-9D09-4270-B000-A0DF7931225C}.Release|Any CPU.ActiveCfg = Release|Any CPU
		{EFDA2D36-9D09-4270-B000-A0DF7931225C}.Release|Any CPU.Build.0 = Release|Any CPU
		{EFDA2D36-9D09-4270-B000-A0DF7931225C}.Release|x64.ActiveCfg = Release|Any CPU
		{EFDA2D36-9D09-4270-B000-A0DF7931225C}.Release|x64.Build.0 = Release|Any CPU
		{EFDA2D36-9D09-4270-B000-A0DF7931225C}.Release|x86.ActiveCfg = Release|Any CPU
		{EFDA2D36-9D09-4270-B000-A0DF7931225C}.Release|x86.Build.0 = Release|Any CPU
		{099D6EB8-8694-4DD0-B467-5635A5F2C640}.Debug|Any CPU.ActiveCfg = Debug|Any CPU
		{099D6EB8-8694-4DD0-B467-5635A5F2C640}.Debug|Any CPU.Build.0 = Debug|Any CPU
		{099D6EB8-8694-4DD0-B467-5635A5F2C640}.Debug|x64.ActiveCfg = Debug|Any CPU
		{099D6EB8-8694-4DD0-B467-5635A5F2C640}.Debug|x64.Build.0 = Debug|Any CPU
		{099D6EB8-8694-4DD0-B467-5635A5F2C640}.Debug|x86.ActiveCfg = Debug|Any CPU
		{099D6EB8-8694-4DD0-B467-5635A5F2C640}.Debug|x86.Build.0 = Debug|Any CPU
		{099D6EB8-8694-4DD0-B467-5635A5F2C640}.Release|Any CPU.ActiveCfg = Release|Any CPU
		{099D6EB8-8694-4DD0-B467-5635A5F2C640}.Release|Any CPU.Build.0 = Release|Any CPU
		{099D6EB8-8694-4DD0-B467-5635A5F2C640}.Release|x64.ActiveCfg = Release|Any CPU
		{099D6EB8-8694-4DD0-B467-5635A5F2C640}.Release|x64.Build.0 = Release|Any CPU
		{099D6EB8-8694-4DD0-B467-5635A5F2C640}.Release|x86.ActiveCfg = Release|Any CPU
		{099D6EB8-8694-4DD0-B467-5635A5F2C640}.Release|x86.Build.0 = Release|Any CPU
	EndGlobalSection
	GlobalSection(SolutionProperties) = preSolution
		HideSolutionNode = FALSE
	EndGlobalSection
	GlobalSection(NestedProjects) = preSolution
		{44271A81-4AE0-4D43-BC41-D6179CDC7CE6} = {CF6E1C1D-0620-4335-805F-4AA6DB9287C8}
		{02E89D1C-771E-4409-ADA6-4B62BF6DF010} = {CF6E1C1D-0620-4335-805F-4AA6DB9287C8}
		{AA93E26D-653E-496B-A39D-3E726B165D0D} = {02E89D1C-771E-4409-ADA6-4B62BF6DF010}
		{F1B9D65F-95B2-4CEE-A946-8FA0FD9F2A01} = {02E89D1C-771E-4409-ADA6-4B62BF6DF010}
		{98BB2476-9F60-4162-B1BC-847FDABD5BC2} = {02E89D1C-771E-4409-ADA6-4B62BF6DF010}
		{7F270457-DADF-4EC5-9486-17A9C0B92C87} = {02E89D1C-771E-4409-ADA6-4B62BF6DF010}
		{C0338E7E-D378-45A3-9496-7AB6FBB760AE} = {02E89D1C-771E-4409-ADA6-4B62BF6DF010}
		{07FA565B-8FAD-4D87-A405-3259632CC338} = {02E89D1C-771E-4409-ADA6-4B62BF6DF010}
	EndGlobalSection
	GlobalSection(ExtensibilityGlobals) = postSolution
		SolutionGuid = {11ABBE5E-09DC-4BCD-B23C-933C1F58FDAF}
	EndGlobalSection
EndGlobal
